
Microsoft Visual Studio Solution File, Format Version 12.00
# Visual Studio Version 17
VisualStudioVersion = 17.5.002.0
MinimumVisualStudioVersion = 10.0.40219.1
Project("{9A19103F-16F7-4668-BE54-9A1E7A4F7556}") = "Aertel", "Aertel\Aertel.csproj", "{2C588BD4-C1DC-4A1B-9F67-8487442E4790}"
EndProject
Global
	GlobalSection(SolutionConfigurationPlatforms) = preSolution
		Debug|Any CPU = Debug|Any CPU
		Release|Any CPU = Release|Any CPU
	EndGlobalSection
	GlobalSection(ProjectConfigurationPlatforms) = postSolution
		{2C588BD4-C1DC-4A1B-9F67-8487442E4790}.Debug|Any CPU.ActiveCfg = Debug|Any CPU
		{2C588BD4-C1DC-4A1B-9F67-8487442E4790}.Debug|Any CPU.Build.0 = Debug|Any CPU
		{2C588BD4-C1DC-4A1B-9F67-8487442E4790}.Release|Any CPU.ActiveCfg = Release|Any CPU
		{2C588BD4-C1DC-4A1B-9F67-8487442E4790}.Release|Any CPU.Build.0 = Release|Any CPU
	EndGlobalSection
	GlobalSection(SolutionProperties) = preSolution
		HideSolutionNode = FALSE
	EndGlobalSection
	GlobalSection(ExtensibilityGlobals) = postSolution
		SolutionGuid = {0F32886C-89D9-4111-A414-94D08B69372A}
	EndGlobalSection
EndGlobal
